// !$*UTF8*$!
{
	archiveVersion = 1;
	classes = {
	};
	objectVersion = 46;
	objects = {

/* Begin PBXBuildFile section */
		594B192B17D696930055C5DE /* VevoSDK.framework in Frameworks */ = {isa = PBXBuildFile; fileRef = 594B192A17D696930055C5DE /* VevoSDK.framework */; };
		594B193017D697690055C5DE /* AVFoundation.framework in Frameworks */ = {isa = PBXBuildFile; fileRef = 594B192F17D697680055C5DE /* AVFoundation.framework */; };
		594B193217D697750055C5DE /* MediaPlayer.framework in Frameworks */ = {isa = PBXBuildFile; fileRef = 594B193117D697750055C5DE /* MediaPlayer.framework */; };
		594B193417D697B00055C5DE /* AdManager.framework in Frameworks */ = {isa = PBXBuildFile; fileRef = 594B193317D697B00055C5DE /* AdManager.framework */; };
		594B193617D697C30055C5DE /* StreamSense.framework in Frameworks */ = {isa = PBXBuildFile; fileRef = 594B193517D697C30055C5DE /* StreamSense.framework */; };
		594B193817D697DB0055C5DE /* comScore.framework in Frameworks */ = {isa = PBXBuildFile; fileRef = 594B193717D697DB0055C5DE /* comScore.framework */; };
		594B193A17D697EF0055C5DE /* SDWebImage.framework in Frameworks */ = {isa = PBXBuildFile; fileRef = 594B193917D697EF0055C5DE /* SDWebImage.framework */; };
		594B193C17D6982A0055C5DE /* ImageIO.framework in Frameworks */ = {isa = PBXBuildFile; fileRef = 594B193B17D6982A0055C5DE /* ImageIO.framework */; };
		594B193E17D6984A0055C5DE /* CoreLocation.framework in Frameworks */ = {isa = PBXBuildFile; fileRef = 594B193D17D6984A0055C5DE /* CoreLocation.framework */; };
		594B194017D698570055C5DE /* MessageUI.framework in Frameworks */ = {isa = PBXBuildFile; fileRef = 594B193F17D698570055C5DE /* MessageUI.framework */; };
		594B194217D6985E0055C5DE /* Security.framework in Frameworks */ = {isa = PBXBuildFile; fileRef = 594B194117D6985E0055C5DE /* Security.framework */; };
		594B194417D6986B0055C5DE /* SystemConfiguration.framework in Frameworks */ = {isa = PBXBuildFile; fileRef = 594B194317D6986A0055C5DE /* SystemConfiguration.framework */; };
		594B194617D698B40055C5DE /* libxml2.dylib in Frameworks */ = {isa = PBXBuildFile; fileRef = 594B194517D698B40055C5DE /* libxml2.dylib */; };
		594B194817D699590055C5DE /* EventKit.framework in Frameworks */ = {isa = PBXBuildFile; fileRef = 594B194717D699590055C5DE /* EventKit.framework */; };
		594B194A17D699950055C5DE /* QuartzCore.framework in Frameworks */ = {isa = PBXBuildFile; fileRef = 594B194917D699950055C5DE /* QuartzCore.framework */; };
		594B194C17D699FF0055C5DE /* CoreMedia.framework in Frameworks */ = {isa = PBXBuildFile; fileRef = 594B194B17D699FF0055C5DE /* CoreMedia.framework */; };
		594B194E17D69A840055C5DE /* Default-568h@2x.png in Resources */ = {isa = PBXBuildFile; fileRef = 594B194D17D69A840055C5DE /* Default-568h@2x.png */; };
		5987946517D66F1200101BE8 /* Foundation.framework in Frameworks */ = {isa = PBXBuildFile; fileRef = 5987946417D66F1200101BE8 /* Foundation.framework */; };
		5987946717D66F1200101BE8 /* CoreGraphics.framework in Frameworks */ = {isa = PBXBuildFile; fileRef = 5987946617D66F1200101BE8 /* CoreGraphics.framework */; };
		5987946917D66F1200101BE8 /* UIKit.framework in Frameworks */ = {isa = PBXBuildFile; fileRef = 5987946817D66F1200101BE8 /* UIKit.framework */; };
		5987946F17D66F1200101BE8 /* InfoPlist.strings in Resources */ = {isa = PBXBuildFile; fileRef = 5987946D17D66F1200101BE8 /* InfoPlist.strings */; };
		5987947117D66F1200101BE8 /* main.m in Sources */ = {isa = PBXBuildFile; fileRef = 5987947017D66F1200101BE8 /* main.m */; };
		5987947517D66F1200101BE8 /* TVAppDelegate.m in Sources */ = {isa = PBXBuildFile; fileRef = 5987947417D66F1200101BE8 /* TVAppDelegate.m */; };
		5987947817D66F1200101BE8 /* Main_iPhone.storyboard in Resources */ = {isa = PBXBuildFile; fileRef = 5987947617D66F1200101BE8 /* Main_iPhone.storyboard */; };
		5987947B17D66F1200101BE8 /* Main_iPad.storyboard in Resources */ = {isa = PBXBuildFile; fileRef = 5987947917D66F1200101BE8 /* Main_iPad.storyboard */; };
		5987947E17D66F1200101BE8 /* TVMainViewController.m in Sources */ = {isa = PBXBuildFile; fileRef = 5987947D17D66F1200101BE8 /* TVMainViewController.m */; };
		5987948017D66F1200101BE8 /* Images.xcassets in Resources */ = {isa = PBXBuildFile; fileRef = 5987947F17D66F1200101BE8 /* Images.xcassets */; };
		5987948717D66F1200101BE8 /* XCTest.framework in Frameworks */ = {isa = PBXBuildFile; fileRef = 5987948617D66F1200101BE8 /* XCTest.framework */; };
		5987948817D66F1200101BE8 /* Foundation.framework in Frameworks */ = {isa = PBXBuildFile; fileRef = 5987946417D66F1200101BE8 /* Foundation.framework */; };
		5987948917D66F1200101BE8 /* UIKit.framework in Frameworks */ = {isa = PBXBuildFile; fileRef = 5987946817D66F1200101BE8 /* UIKit.framework */; };
		5987949117D66F1200101BE8 /* InfoPlist.strings in Resources */ = {isa = PBXBuildFile; fileRef = 5987948F17D66F1200101BE8 /* InfoPlist.strings */; };
		5987949317D66F1200101BE8 /* TopVideosTests.m in Sources */ = {isa = PBXBuildFile; fileRef = 5987949217D66F1200101BE8 /* TopVideosTests.m */; };
		5987976217D6837200101BE8 /* VevoSDKResources.bundle in Frameworks */ = {isa = PBXBuildFile; fileRef = 5987975A17D6820000101BE8 /* VevoSDKResources.bundle */; };
		59B1342017D6AA7F006051B9 /* TVTopVideosTableViewCell.m in Sources */ = {isa = PBXBuildFile; fileRef = 59B1341F17D6AA7E006051B9 /* TVTopVideosTableViewCell.m */; };
		59B1342917D7BAD5006051B9 /* ProximaNovaAlt-Black.otf in Resources */ = {isa = PBXBuildFile; fileRef = 59B1342817D7BAD5006051B9 /* ProximaNovaAlt-Black.otf */; };
		59B1342B17D7BB6A006051B9 /* ProximaNovaAlt-Bold.otf in Resources */ = {isa = PBXBuildFile; fileRef = 59B1342A17D7BB6A006051B9 /* ProximaNovaAlt-Bold.otf */; };
		59B1342D17D7D4AC006051B9 /* ProximaNovaAlt-Light.otf in Resources */ = {isa = PBXBuildFile; fileRef = 59B1342C17D7D4AC006051B9 /* ProximaNovaAlt-Light.otf */; };
		59B1342F17D7D4B4006051B9 /* ProximaNovaAlt-Reg.otf in Resources */ = {isa = PBXBuildFile; fileRef = 59B1342E17D7D4B4006051B9 /* ProximaNovaAlt-Reg.otf */; };
		59B1343117D7D4C3006051B9 /* ProximaNovaAlt-Sbold.otf in Resources */ = {isa = PBXBuildFile; fileRef = 59B1343017D7D4C3006051B9 /* ProximaNovaAlt-Sbold.otf */; };
		59B1343317D7D4CB006051B9 /* ProximaNovaAlt-Thin.otf in Resources */ = {isa = PBXBuildFile; fileRef = 59B1343217D7D4CB006051B9 /* ProximaNovaAlt-Thin.otf */; };
		59B1343717D7F6BC006051B9 /* TVMovieContainerView.m in Sources */ = {isa = PBXBuildFile; fileRef = 59B1343617D7F6BC006051B9 /* TVMovieContainerView.m */; };
		59B1343A17D7FCB2006051B9 /* TVPlayerTopBarView.m in Sources */ = {isa = PBXBuildFile; fileRef = 59B1343917D7FCB2006051B9 /* TVPlayerTopBarView.m */; };
		59B1343D17D7FDC9006051B9 /* TVVideoInfoOverlayView.m in Sources */ = {isa = PBXBuildFile; fileRef = 59B1343C17D7FDC9006051B9 /* TVVideoInfoOverlayView.m */; };
		59B1344217D81769006051B9 /* icon.png in Resources */ = {isa = PBXBuildFile; fileRef = 59B1343E17D81769006051B9 /* icon.png */; };
		59B1344317D81769006051B9 /* icon@2x.png in Resources */ = {isa = PBXBuildFile; fileRef = 59B1343F17D81769006051B9 /* icon@2x.png */; };
		59B1344417D81769006051B9 /* Icon-72.png in Resources */ = {isa = PBXBuildFile; fileRef = 59B1344017D81769006051B9 /* Icon-72.png */; };
		59B1344517D81769006051B9 /* Icon-Small-50.png in Resources */ = {isa = PBXBuildFile; fileRef = 59B1344117D81769006051B9 /* Icon-Small-50.png */; };
/* End PBXBuildFile section */

/* Begin PBXContainerItemProxy section */
		5987948A17D66F1200101BE8 /* PBXContainerItemProxy */ = {
			isa = PBXContainerItemProxy;
			containerPortal = 5987945917D66F1200101BE8 /* Project object */;
			proxyType = 1;
			remoteGlobalIDString = 5987946017D66F1200101BE8;
			remoteInfo = TopVideos;
		};
		5997163E17D68DEE006C0AE4 /* PBXContainerItemProxy */ = {
			isa = PBXContainerItemProxy;
			containerPortal = 5997163817D68DEE006C0AE4 /* vevo-ios-sdk.xcodeproj */;
			proxyType = 2;
			remoteGlobalIDString = 6109FCEC1714B085005913F1;
			remoteInfo = "vevo-ios-sdk";
		};
		5997164017D68DEE006C0AE4 /* PBXContainerItemProxy */ = {
			isa = PBXContainerItemProxy;
			containerPortal = 5997163817D68DEE006C0AE4 /* vevo-ios-sdk.xcodeproj */;
			proxyType = 2;
			remoteGlobalIDString = 6109FCFD1714B085005913F1;
			remoteInfo = "vevo-ios-sdkTests";
		};
/* End PBXContainerItemProxy section */

/* Begin PBXFileReference section */
		594B192A17D696930055C5DE /* VevoSDK.framework */ = {isa = PBXFileReference; lastKnownFileType = wrapper.framework; path = VevoSDK.framework; sourceTree = "<group>"; };
		594B192F17D697680055C5DE /* AVFoundation.framework */ = {isa = PBXFileReference; lastKnownFileType = wrapper.framework; name = AVFoundation.framework; path = System/Library/Frameworks/AVFoundation.framework; sourceTree = SDKROOT; };
		594B193117D697750055C5DE /* MediaPlayer.framework */ = {isa = PBXFileReference; lastKnownFileType = wrapper.framework; name = MediaPlayer.framework; path = System/Library/Frameworks/MediaPlayer.framework; sourceTree = SDKROOT; };
		594B193317D697B00055C5DE /* AdManager.framework */ = {isa = PBXFileReference; lastKnownFileType = wrapper.framework; path = AdManager.framework; sourceTree = "<group>"; };
		594B193517D697C30055C5DE /* StreamSense.framework */ = {isa = PBXFileReference; lastKnownFileType = wrapper.framework; path = StreamSense.framework; sourceTree = "<group>"; };
		594B193717D697DB0055C5DE /* comScore.framework */ = {isa = PBXFileReference; lastKnownFileType = wrapper.framework; path = comScore.framework; sourceTree = "<group>"; };
		594B193917D697EF0055C5DE /* SDWebImage.framework */ = {isa = PBXFileReference; lastKnownFileType = wrapper.framework; path = SDWebImage.framework; sourceTree = "<group>"; };
		594B193B17D6982A0055C5DE /* ImageIO.framework */ = {isa = PBXFileReference; lastKnownFileType = wrapper.framework; name = ImageIO.framework; path = System/Library/Frameworks/ImageIO.framework; sourceTree = SDKROOT; };
		594B193D17D6984A0055C5DE /* CoreLocation.framework */ = {isa = PBXFileReference; lastKnownFileType = wrapper.framework; name = CoreLocation.framework; path = System/Library/Frameworks/CoreLocation.framework; sourceTree = SDKROOT; };
		594B193F17D698570055C5DE /* MessageUI.framework */ = {isa = PBXFileReference; lastKnownFileType = wrapper.framework; name = MessageUI.framework; path = System/Library/Frameworks/MessageUI.framework; sourceTree = SDKROOT; };
		594B194117D6985E0055C5DE /* Security.framework */ = {isa = PBXFileReference; lastKnownFileType = wrapper.framework; name = Security.framework; path = System/Library/Frameworks/Security.framework; sourceTree = SDKROOT; };
		594B194317D6986A0055C5DE /* SystemConfiguration.framework */ = {isa = PBXFileReference; lastKnownFileType = wrapper.framework; name = SystemConfiguration.framework; path = System/Library/Frameworks/SystemConfiguration.framework; sourceTree = SDKROOT; };
		594B194517D698B40055C5DE /* libxml2.dylib */ = {isa = PBXFileReference; lastKnownFileType = "compiled.mach-o.dylib"; name = libxml2.dylib; path = usr/lib/libxml2.dylib; sourceTree = SDKROOT; };
		594B194717D699590055C5DE /* EventKit.framework */ = {isa = PBXFileReference; lastKnownFileType = wrapper.framework; name = EventKit.framework; path = System/Library/Frameworks/EventKit.framework; sourceTree = SDKROOT; };
		594B194917D699950055C5DE /* QuartzCore.framework */ = {isa = PBXFileReference; lastKnownFileType = wrapper.framework; name = QuartzCore.framework; path = System/Library/Frameworks/QuartzCore.framework; sourceTree = SDKROOT; };
		594B194B17D699FF0055C5DE /* CoreMedia.framework */ = {isa = PBXFileReference; lastKnownFileType = wrapper.framework; name = CoreMedia.framework; path = System/Library/Frameworks/CoreMedia.framework; sourceTree = SDKROOT; };
		594B194D17D69A840055C5DE /* Default-568h@2x.png */ = {isa = PBXFileReference; lastKnownFileType = image.png; path = "Default-568h@2x.png"; sourceTree = "<group>"; };
		5987946117D66F1200101BE8 /* TopVideos.app */ = {isa = PBXFileReference; explicitFileType = wrapper.application; includeInIndex = 0; path = TopVideos.app; sourceTree = BUILT_PRODUCTS_DIR; };
		5987946417D66F1200101BE8 /* Foundation.framework */ = {isa = PBXFileReference; lastKnownFileType = wrapper.framework; name = Foundation.framework; path = System/Library/Frameworks/Foundation.framework; sourceTree = SDKROOT; };
		5987946617D66F1200101BE8 /* CoreGraphics.framework */ = {isa = PBXFileReference; lastKnownFileType = wrapper.framework; name = CoreGraphics.framework; path = System/Library/Frameworks/CoreGraphics.framework; sourceTree = SDKROOT; };
		5987946817D66F1200101BE8 /* UIKit.framework */ = {isa = PBXFileReference; lastKnownFileType = wrapper.framework; name = UIKit.framework; path = System/Library/Frameworks/UIKit.framework; sourceTree = SDKROOT; };
		5987946C17D66F1200101BE8 /* TopVideos-Info.plist */ = {isa = PBXFileReference; lastKnownFileType = text.plist.xml; path = "TopVideos-Info.plist"; sourceTree = "<group>"; };
		5987946E17D66F1200101BE8 /* en */ = {isa = PBXFileReference; lastKnownFileType = text.plist.strings; name = en; path = en.lproj/InfoPlist.strings; sourceTree = "<group>"; };
		5987947017D66F1200101BE8 /* main.m */ = {isa = PBXFileReference; lastKnownFileType = sourcecode.c.objc; path = main.m; sourceTree = "<group>"; };
		5987947217D66F1200101BE8 /* TopVideos-Prefix.pch */ = {isa = PBXFileReference; lastKnownFileType = sourcecode.c.h; path = "TopVideos-Prefix.pch"; sourceTree = "<group>"; };
		5987947317D66F1200101BE8 /* TVAppDelegate.h */ = {isa = PBXFileReference; lastKnownFileType = sourcecode.c.h; path = TVAppDelegate.h; sourceTree = "<group>"; };
		5987947417D66F1200101BE8 /* TVAppDelegate.m */ = {isa = PBXFileReference; lastKnownFileType = sourcecode.c.objc; path = TVAppDelegate.m; sourceTree = "<group>"; };
		5987947717D66F1200101BE8 /* Base */ = {isa = PBXFileReference; lastKnownFileType = file.storyboard; name = Base; path = Base.lproj/Main_iPhone.storyboard; sourceTree = "<group>"; };
		5987947A17D66F1200101BE8 /* Base */ = {isa = PBXFileReference; lastKnownFileType = file.storyboard; name = Base; path = Base.lproj/Main_iPad.storyboard; sourceTree = "<group>"; };
		5987947C17D66F1200101BE8 /* TVMainViewController.h */ = {isa = PBXFileReference; lastKnownFileType = sourcecode.c.h; path = TVMainViewController.h; sourceTree = "<group>"; };
		5987947D17D66F1200101BE8 /* TVMainViewController.m */ = {isa = PBXFileReference; lastKnownFileType = sourcecode.c.objc; path = TVMainViewController.m; sourceTree = "<group>"; };
		5987947F17D66F1200101BE8 /* Images.xcassets */ = {isa = PBXFileReference; lastKnownFileType = folder.assetcatalog; path = Images.xcassets; sourceTree = "<group>"; };
		5987948517D66F1200101BE8 /* TopVideosTests.xctest */ = {isa = PBXFileReference; explicitFileType = wrapper.cfbundle; includeInIndex = 0; path = TopVideosTests.xctest; sourceTree = BUILT_PRODUCTS_DIR; };
		5987948617D66F1200101BE8 /* XCTest.framework */ = {isa = PBXFileReference; lastKnownFileType = wrapper.framework; name = XCTest.framework; path = Library/Frameworks/XCTest.framework; sourceTree = DEVELOPER_DIR; };
		5987948E17D66F1200101BE8 /* TopVideosTests-Info.plist */ = {isa = PBXFileReference; lastKnownFileType = text.plist.xml; path = "TopVideosTests-Info.plist"; sourceTree = "<group>"; };
		5987949017D66F1200101BE8 /* en */ = {isa = PBXFileReference; lastKnownFileType = text.plist.strings; name = en; path = en.lproj/InfoPlist.strings; sourceTree = "<group>"; };
		5987949217D66F1200101BE8 /* TopVideosTests.m */ = {isa = PBXFileReference; lastKnownFileType = sourcecode.c.objc; path = TopVideosTests.m; sourceTree = "<group>"; };
		5987975A17D6820000101BE8 /* VevoSDKResources.bundle */ = {isa = PBXFileReference; lastKnownFileType = "wrapper.plug-in"; name = VevoSDKResources.bundle; path = "TopVideos/3rd_party/vevo-ios-sdk/VevoSDKResources.bundle"; sourceTree = "<group>"; };
		5997163817D68DEE006C0AE4 /* vevo-ios-sdk.xcodeproj */ = {isa = PBXFileReference; lastKnownFileType = "wrapper.pb-project"; name = "vevo-ios-sdk.xcodeproj"; path = "../../../Downloads/iOS_SDK-master/VML/vevo-ios-sdk/vevo-ios-sdk.xcodeproj"; sourceTree = "<group>"; };
		59B1341D17D6A7BD006051B9 /* TVConstants.h */ = {isa = PBXFileReference; fileEncoding = 4; lastKnownFileType = sourcecode.c.h; path = TVConstants.h; sourceTree = "<group>"; };
		59B1341E17D6AA7E006051B9 /* TVTopVideosTableViewCell.h */ = {isa = PBXFileReference; fileEncoding = 4; lastKnownFileType = sourcecode.c.h; path = TVTopVideosTableViewCell.h; sourceTree = "<group>"; };
		59B1341F17D6AA7E006051B9 /* TVTopVideosTableViewCell.m */ = {isa = PBXFileReference; fileEncoding = 4; lastKnownFileType = sourcecode.c.objc; path = TVTopVideosTableViewCell.m; sourceTree = "<group>"; };
		59B1342817D7BAD5006051B9 /* ProximaNovaAlt-Black.otf */ = {isa = PBXFileReference; lastKnownFileType = file; path = "ProximaNovaAlt-Black.otf"; sourceTree = "<group>"; };
		59B1342A17D7BB6A006051B9 /* ProximaNovaAlt-Bold.otf */ = {isa = PBXFileReference; lastKnownFileType = file; path = "ProximaNovaAlt-Bold.otf"; sourceTree = "<group>"; };
		59B1342C17D7D4AC006051B9 /* ProximaNovaAlt-Light.otf */ = {isa = PBXFileReference; lastKnownFileType = file; path = "ProximaNovaAlt-Light.otf"; sourceTree = "<group>"; };
		59B1342E17D7D4B4006051B9 /* ProximaNovaAlt-Reg.otf */ = {isa = PBXFileReference; lastKnownFileType = file; path = "ProximaNovaAlt-Reg.otf"; sourceTree = "<group>"; };
		59B1343017D7D4C3006051B9 /* ProximaNovaAlt-Sbold.otf */ = {isa = PBXFileReference; lastKnownFileType = file; path = "ProximaNovaAlt-Sbold.otf"; sourceTree = "<group>"; };
		59B1343217D7D4CB006051B9 /* ProximaNovaAlt-Thin.otf */ = {isa = PBXFileReference; lastKnownFileType = file; path = "ProximaNovaAlt-Thin.otf"; sourceTree = "<group>"; };
		59B1343517D7F6BC006051B9 /* TVMovieContainerView.h */ = {isa = PBXFileReference; fileEncoding = 4; lastKnownFileType = sourcecode.c.h; path = TVMovieContainerView.h; sourceTree = "<group>"; };
		59B1343617D7F6BC006051B9 /* TVMovieContainerView.m */ = {isa = PBXFileReference; fileEncoding = 4; lastKnownFileType = sourcecode.c.objc; path = TVMovieContainerView.m; sourceTree = "<group>"; };
		59B1343817D7FCB2006051B9 /* TVPlayerTopBarView.h */ = {isa = PBXFileReference; fileEncoding = 4; lastKnownFileType = sourcecode.c.h; path = TVPlayerTopBarView.h; sourceTree = "<group>"; };
		59B1343917D7FCB2006051B9 /* TVPlayerTopBarView.m */ = {isa = PBXFileReference; fileEncoding = 4; lastKnownFileType = sourcecode.c.objc; path = TVPlayerTopBarView.m; sourceTree = "<group>"; };
		59B1343B17D7FDC9006051B9 /* TVVideoInfoOverlayView.h */ = {isa = PBXFileReference; fileEncoding = 4; lastKnownFileType = sourcecode.c.h; path = TVVideoInfoOverlayView.h; sourceTree = "<group>"; };
		59B1343C17D7FDC9006051B9 /* TVVideoInfoOverlayView.m */ = {isa = PBXFileReference; fileEncoding = 4; lastKnownFileType = sourcecode.c.objc; path = TVVideoInfoOverlayView.m; sourceTree = "<group>"; };
		59B1343E17D81769006051B9 /* icon.png */ = {isa = PBXFileReference; lastKnownFileType = image.png; path = icon.png; sourceTree = "<group>"; };
		59B1343F17D81769006051B9 /* icon@2x.png */ = {isa = PBXFileReference; lastKnownFileType = image.png; path = "icon@2x.png"; sourceTree = "<group>"; };
		59B1344017D81769006051B9 /* Icon-72.png */ = {isa = PBXFileReference; lastKnownFileType = image.png; path = "Icon-72.png"; sourceTree = "<group>"; };
		59B1344117D81769006051B9 /* Icon-Small-50.png */ = {isa = PBXFileReference; lastKnownFileType = image.png; path = "Icon-Small-50.png"; sourceTree = "<group>"; };
/* End PBXFileReference section */

/* Begin PBXFrameworksBuildPhase section */
		5987945E17D66F1200101BE8 /* Frameworks */ = {
			isa = PBXFrameworksBuildPhase;
			buildActionMask = 2147483647;
			files = (
				594B194C17D699FF0055C5DE /* CoreMedia.framework in Frameworks */,
				594B193017D697690055C5DE /* AVFoundation.framework in Frameworks */,
				594B194A17D699950055C5DE /* QuartzCore.framework in Frameworks */,
				594B194817D699590055C5DE /* EventKit.framework in Frameworks */,
				594B194617D698B40055C5DE /* libxml2.dylib in Frameworks */,
				594B194417D6986B0055C5DE /* SystemConfiguration.framework in Frameworks */,
				594B194217D6985E0055C5DE /* Security.framework in Frameworks */,
				594B194017D698570055C5DE /* MessageUI.framework in Frameworks */,
				594B193E17D6984A0055C5DE /* CoreLocation.framework in Frameworks */,
				594B193C17D6982A0055C5DE /* ImageIO.framework in Frameworks */,
				594B193217D697750055C5DE /* MediaPlayer.framework in Frameworks */,
				5987976217D6837200101BE8 /* VevoSDKResources.bundle in Frameworks */,
				5987946717D66F1200101BE8 /* CoreGraphics.framework in Frameworks */,
				5987946917D66F1200101BE8 /* UIKit.framework in Frameworks */,
				5987946517D66F1200101BE8 /* Foundation.framework in Frameworks */,
				594B192B17D696930055C5DE /* VevoSDK.framework in Frameworks */,
				594B193417D697B00055C5DE /* AdManager.framework in Frameworks */,
				594B193617D697C30055C5DE /* StreamSense.framework in Frameworks */,
				594B193817D697DB0055C5DE /* comScore.framework in Frameworks */,
				594B193A17D697EF0055C5DE /* SDWebImage.framework in Frameworks */,
			);
			runOnlyForDeploymentPostprocessing = 0;
		};
		5987948217D66F1200101BE8 /* Frameworks */ = {
			isa = PBXFrameworksBuildPhase;
			buildActionMask = 2147483647;
			files = (
				5987948717D66F1200101BE8 /* XCTest.framework in Frameworks */,
				5987948917D66F1200101BE8 /* UIKit.framework in Frameworks */,
				5987948817D66F1200101BE8 /* Foundation.framework in Frameworks */,
			);
			runOnlyForDeploymentPostprocessing = 0;
		};
/* End PBXFrameworksBuildPhase section */

/* Begin PBXGroup section */
		5987945817D66F1200101BE8 = {
			isa = PBXGroup;
			children = (
				59B1342417D7B9FB006051B9 /* Resources */,
				594B194D17D69A840055C5DE /* Default-568h@2x.png */,
				5987946A17D66F1200101BE8 /* TopVideos */,
				5987948C17D66F1200101BE8 /* TopVideosTests */,
				5987946317D66F1200101BE8 /* Frameworks */,
				5987946217D66F1200101BE8 /* Products */,
			);
			sourceTree = "<group>";
		};
		5987946217D66F1200101BE8 /* Products */ = {
			isa = PBXGroup;
			children = (
				5987946117D66F1200101BE8 /* TopVideos.app */,
				5987948517D66F1200101BE8 /* TopVideosTests.xctest */,
			);
			name = Products;
			sourceTree = "<group>";
		};
		5987946317D66F1200101BE8 /* Frameworks */ = {
			isa = PBXGroup;
			children = (
				594B194517D698B40055C5DE /* libxml2.dylib */,
				5987975A17D6820000101BE8 /* VevoSDKResources.bundle */,
				594B194B17D699FF0055C5DE /* CoreMedia.framework */,
				594B194917D699950055C5DE /* QuartzCore.framework */,
				594B194717D699590055C5DE /* EventKit.framework */,
				594B194317D6986A0055C5DE /* SystemConfiguration.framework */,
				594B194117D6985E0055C5DE /* Security.framework */,
				594B193F17D698570055C5DE /* MessageUI.framework */,
				594B193D17D6984A0055C5DE /* CoreLocation.framework */,
				594B193B17D6982A0055C5DE /* ImageIO.framework */,
				594B193117D697750055C5DE /* MediaPlayer.framework */,
				594B192F17D697680055C5DE /* AVFoundation.framework */,
				594B193917D697EF0055C5DE /* SDWebImage.framework */,
				594B193717D697DB0055C5DE /* comScore.framework */,
				594B193517D697C30055C5DE /* StreamSense.framework */,
				594B193317D697B00055C5DE /* AdManager.framework */,
				594B192A17D696930055C5DE /* VevoSDK.framework */,
				5987946417D66F1200101BE8 /* Foundation.framework */,
				5987946617D66F1200101BE8 /* CoreGraphics.framework */,
				5987946817D66F1200101BE8 /* UIKit.framework */,
				5987948617D66F1200101BE8 /* XCTest.framework */,
			);
			name = Frameworks;
			sourceTree = "<group>";
		};
		5987946A17D66F1200101BE8 /* TopVideos */ = {
			isa = PBXGroup;
			children = (
				59B1342117D6B2CE006051B9 /* Views */,
				598797D217D685D200101BE8 /* 3rd_party */,
				5987947317D66F1200101BE8 /* TVAppDelegate.h */,
				5987947417D66F1200101BE8 /* TVAppDelegate.m */,
				5987947617D66F1200101BE8 /* Main_iPhone.storyboard */,
				5987947917D66F1200101BE8 /* Main_iPad.storyboard */,
				5987947C17D66F1200101BE8 /* TVMainViewController.h */,
				5987947D17D66F1200101BE8 /* TVMainViewController.m */,
				59B1341D17D6A7BD006051B9 /* TVConstants.h */,
				5987947F17D66F1200101BE8 /* Images.xcassets */,
				5987946B17D66F1200101BE8 /* Supporting Files */,
				59B1343517D7F6BC006051B9 /* TVMovieContainerView.h */,
				59B1343617D7F6BC006051B9 /* TVMovieContainerView.m */,
				59B1343817D7FCB2006051B9 /* TVPlayerTopBarView.h */,
				59B1343917D7FCB2006051B9 /* TVPlayerTopBarView.m */,
				59B1343B17D7FDC9006051B9 /* TVVideoInfoOverlayView.h */,
				59B1343C17D7FDC9006051B9 /* TVVideoInfoOverlayView.m */,
			);
			path = TopVideos;
			sourceTree = "<group>";
		};
		5987946B17D66F1200101BE8 /* Supporting Files */ = {
			isa = PBXGroup;
			children = (
				5987946C17D66F1200101BE8 /* TopVideos-Info.plist */,
				5987946D17D66F1200101BE8 /* InfoPlist.strings */,
				5987947017D66F1200101BE8 /* main.m */,
				5987947217D66F1200101BE8 /* TopVideos-Prefix.pch */,
			);
			name = "Supporting Files";
			sourceTree = "<group>";
		};
		5987948C17D66F1200101BE8 /* TopVideosTests */ = {
			isa = PBXGroup;
			children = (
				5987949217D66F1200101BE8 /* TopVideosTests.m */,
				5987948D17D66F1200101BE8 /* Supporting Files */,
			);
			path = TopVideosTests;
			sourceTree = "<group>";
		};
		5987948D17D66F1200101BE8 /* Supporting Files */ = {
			isa = PBXGroup;
			children = (
				5987948E17D66F1200101BE8 /* TopVideosTests-Info.plist */,
				5987948F17D66F1200101BE8 /* InfoPlist.strings */,
			);
			name = "Supporting Files";
			sourceTree = "<group>";
		};
		598797D217D685D200101BE8 /* 3rd_party */ = {
			isa = PBXGroup;
			children = (
				5997163817D68DEE006C0AE4 /* vevo-ios-sdk.xcodeproj */,
			);
			name = 3rd_party;
			sourceTree = "<group>";
		};
		5997163917D68DEE006C0AE4 /* Products */ = {
			isa = PBXGroup;
			children = (
				5997163F17D68DEE006C0AE4 /* libvevo-ios-sdk.a */,
				5997164117D68DEE006C0AE4 /* vevo-ios-sdkTests.octest */,
			);
			name = Products;
			sourceTree = "<group>";
		};
		59B1342117D6B2CE006051B9 /* Views */ = {
			isa = PBXGroup;
			children = (
				59B1341E17D6AA7E006051B9 /* TVTopVideosTableViewCell.h */,
				59B1341F17D6AA7E006051B9 /* TVTopVideosTableViewCell.m */,
			);
			name = Views;
			sourceTree = "<group>";
		};
		59B1342417D7B9FB006051B9 /* Resources */ = {
			isa = PBXGroup;
			children = (
				59B1343E17D81769006051B9 /* icon.png */,
				59B1343F17D81769006051B9 /* icon@2x.png */,
				59B1344017D81769006051B9 /* Icon-72.png */,
				59B1344117D81769006051B9 /* Icon-Small-50.png */,
				59B1342C17D7D4AC006051B9 /* ProximaNovaAlt-Light.otf */,
				59B1342817D7BAD5006051B9 /* ProximaNovaAlt-Black.otf */,
				59B1342A17D7BB6A006051B9 /* ProximaNovaAlt-Bold.otf */,
				59B1342E17D7D4B4006051B9 /* ProximaNovaAlt-Reg.otf */,
				59B1343017D7D4C3006051B9 /* ProximaNovaAlt-Sbold.otf */,
				59B1343217D7D4CB006051B9 /* ProximaNovaAlt-Thin.otf */,
			);
			name = Resources;
			sourceTree = "<group>";
		};
/* End PBXGroup section */

/* Begin PBXNativeTarget section */
		5987946017D66F1200101BE8 /* TopVideos */ = {
			isa = PBXNativeTarget;
			buildConfigurationList = 5987949617D66F1200101BE8 /* Build configuration list for PBXNativeTarget "TopVideos" */;
			buildPhases = (
				5987945D17D66F1200101BE8 /* Sources */,
				5987945E17D66F1200101BE8 /* Frameworks */,
				5987945F17D66F1200101BE8 /* Resources */,
			);
			buildRules = (
			);
			dependencies = (
			);
			name = TopVideos;
			productName = TopVideos;
			productReference = 5987946117D66F1200101BE8 /* TopVideos.app */;
			productType = "com.apple.product-type.application";
		};
		5987948417D66F1200101BE8 /* TopVideosTests */ = {
			isa = PBXNativeTarget;
			buildConfigurationList = 5987949917D66F1200101BE8 /* Build configuration list for PBXNativeTarget "TopVideosTests" */;
			buildPhases = (
				5987948117D66F1200101BE8 /* Sources */,
				5987948217D66F1200101BE8 /* Frameworks */,
				5987948317D66F1200101BE8 /* Resources */,
			);
			buildRules = (
			);
			dependencies = (
				5987948B17D66F1200101BE8 /* PBXTargetDependency */,
			);
			name = TopVideosTests;
			productName = TopVideosTests;
			productReference = 5987948517D66F1200101BE8 /* TopVideosTests.xctest */;
			productType = "com.apple.product-type.bundle.unit-test";
		};
/* End PBXNativeTarget section */

/* Begin PBXProject section */
		5987945917D66F1200101BE8 /* Project object */ = {
			isa = PBXProject;
			attributes = {
				CLASSPREFIX = VM;
				LastUpgradeCheck = 0500;
				ORGANIZATIONNAME = Vevo;
				TargetAttributes = {
					5987946017D66F1200101BE8 = {
						DevelopmentTeam = ESY4QQL8EL;
					};
					5987948417D66F1200101BE8 = {
						TestTargetID = 5987946017D66F1200101BE8;
					};
				};
			};
			buildConfigurationList = 5987945C17D66F1200101BE8 /* Build configuration list for PBXProject "TopVideos" */;
			compatibilityVersion = "Xcode 3.2";
			developmentRegion = English;
			hasScannedForEncodings = 0;
			knownRegions = (
				en,
				Base,
			);
			mainGroup = 5987945817D66F1200101BE8;
			productRefGroup = 5987946217D66F1200101BE8 /* Products */;
			projectDirPath = "";
			projectReferences = (
				{
					ProductGroup = 5997163917D68DEE006C0AE4 /* Products */;
					ProjectRef = 5997163817D68DEE006C0AE4 /* vevo-ios-sdk.xcodeproj */;
				},
			);
			projectRoot = "";
			targets = (
				5987946017D66F1200101BE8 /* TopVideos */,
				5987948417D66F1200101BE8 /* TopVideosTests */,
			);
		};
/* End PBXProject section */

/* Begin PBXReferenceProxy section */
		5997163F17D68DEE006C0AE4 /* libvevo-ios-sdk.a */ = {
			isa = PBXReferenceProxy;
			fileType = archive.ar;
			path = "libvevo-ios-sdk.a";
			remoteRef = 5997163E17D68DEE006C0AE4 /* PBXContainerItemProxy */;
			sourceTree = BUILT_PRODUCTS_DIR;
		};
		5997164117D68DEE006C0AE4 /* vevo-ios-sdkTests.octest */ = {
			isa = PBXReferenceProxy;
			fileType = wrapper.cfbundle;
			path = "vevo-ios-sdkTests.octest";
			remoteRef = 5997164017D68DEE006C0AE4 /* PBXContainerItemProxy */;
			sourceTree = BUILT_PRODUCTS_DIR;
		};
/* End PBXReferenceProxy section */

/* Begin PBXResourcesBuildPhase section */
		5987945F17D66F1200101BE8 /* Resources */ = {
			isa = PBXResourcesBuildPhase;
			buildActionMask = 2147483647;
			files = (
				59B1343317D7D4CB006051B9 /* ProximaNovaAlt-Thin.otf in Resources */,
				59B1342917D7BAD5006051B9 /* ProximaNovaAlt-Black.otf in Resources */,
				59B1344317D81769006051B9 /* icon@2x.png in Resources */,
				59B1342D17D7D4AC006051B9 /* ProximaNovaAlt-Light.otf in Resources */,
				5987947B17D66F1200101BE8 /* Main_iPad.storyboard in Resources */,
				59B1344417D81769006051B9 /* Icon-72.png in Resources */,
				59B1343117D7D4C3006051B9 /* ProximaNovaAlt-Sbold.otf in Resources */,
				5987948017D66F1200101BE8 /* Images.xcassets in Resources */,
				59B1342F17D7D4B4006051B9 /* ProximaNovaAlt-Reg.otf in Resources */,
				5987947817D66F1200101BE8 /* Main_iPhone.storyboard in Resources */,
				59B1344217D81769006051B9 /* icon.png in Resources */,
				5987946F17D66F1200101BE8 /* InfoPlist.strings in Resources */,
				59B1344517D81769006051B9 /* Icon-Small-50.png in Resources */,
				59B1342B17D7BB6A006051B9 /* ProximaNovaAlt-Bold.otf in Resources */,
				594B194E17D69A840055C5DE /* Default-568h@2x.png in Resources */,
			);
			runOnlyForDeploymentPostprocessing = 0;
		};
		5987948317D66F1200101BE8 /* Resources */ = {
			isa = PBXResourcesBuildPhase;
			buildActionMask = 2147483647;
			files = (
				5987949117D66F1200101BE8 /* InfoPlist.strings in Resources */,
			);
			runOnlyForDeploymentPostprocessing = 0;
		};
/* End PBXResourcesBuildPhase section */

/* Begin PBXSourcesBuildPhase section */
		5987945D17D66F1200101BE8 /* Sources */ = {
			isa = PBXSourcesBuildPhase;
			buildActionMask = 2147483647;
			files = (
				59B1342017D6AA7F006051B9 /* TVTopVideosTableViewCell.m in Sources */,
				5987947117D66F1200101BE8 /* main.m in Sources */,
				5987947E17D66F1200101BE8 /* TVMainViewController.m in Sources */,
				59B1343A17D7FCB2006051B9 /* TVPlayerTopBarView.m in Sources */,
				5987947517D66F1200101BE8 /* TVAppDelegate.m in Sources */,
				59B1343717D7F6BC006051B9 /* TVMovieContainerView.m in Sources */,
				59B1343D17D7FDC9006051B9 /* TVVideoInfoOverlayView.m in Sources */,
			);
			runOnlyForDeploymentPostprocessing = 0;
		};
		5987948117D66F1200101BE8 /* Sources */ = {
			isa = PBXSourcesBuildPhase;
			buildActionMask = 2147483647;
			files = (
				5987949317D66F1200101BE8 /* TopVideosTests.m in Sources */,
			);
			runOnlyForDeploymentPostprocessing = 0;
		};
/* End PBXSourcesBuildPhase section */

/* Begin PBXTargetDependency section */
		5987948B17D66F1200101BE8 /* PBXTargetDependency */ = {
			isa = PBXTargetDependency;
			target = 5987946017D66F1200101BE8 /* TopVideos */;
			targetProxy = 5987948A17D66F1200101BE8 /* PBXContainerItemProxy */;
		};
/* End PBXTargetDependency section */

/* Begin PBXVariantGroup section */
		5987946D17D66F1200101BE8 /* InfoPlist.strings */ = {
			isa = PBXVariantGroup;
			children = (
				5987946E17D66F1200101BE8 /* en */,
			);
			name = InfoPlist.strings;
			sourceTree = "<group>";
		};
		5987947617D66F1200101BE8 /* Main_iPhone.storyboard */ = {
			isa = PBXVariantGroup;
			children = (
				5987947717D66F1200101BE8 /* Base */,
			);
			name = Main_iPhone.storyboard;
			sourceTree = "<group>";
		};
		5987947917D66F1200101BE8 /* Main_iPad.storyboard */ = {
			isa = PBXVariantGroup;
			children = (
				5987947A17D66F1200101BE8 /* Base */,
			);
			name = Main_iPad.storyboard;
			sourceTree = "<group>";
		};
		5987948F17D66F1200101BE8 /* InfoPlist.strings */ = {
			isa = PBXVariantGroup;
			children = (
				5987949017D66F1200101BE8 /* en */,
			);
			name = InfoPlist.strings;
			sourceTree = "<group>";
		};
/* End PBXVariantGroup section */

/* Begin XCBuildConfiguration section */
		5987949417D66F1200101BE8 /* Debug */ = {
			isa = XCBuildConfiguration;
			buildSettings = {
				ALWAYS_SEARCH_USER_PATHS = NO;
				CLANG_CXX_LANGUAGE_STANDARD = "gnu++0x";
				CLANG_CXX_LIBRARY = "libc++";
				CLANG_ENABLE_MODULES = YES;
				CLANG_ENABLE_OBJC_ARC = YES;
				CLANG_WARN_BOOL_CONVERSION = YES;
				CLANG_WARN_CONSTANT_CONVERSION = YES;
				CLANG_WARN_DIRECT_OBJC_ISA_USAGE = YES_ERROR;
				CLANG_WARN_EMPTY_BODY = YES;
				CLANG_WARN_ENUM_CONVERSION = YES;
				CLANG_WARN_INT_CONVERSION = YES;
				CLANG_WARN_OBJC_ROOT_CLASS = YES_ERROR;
				CLANG_WARN__DUPLICATE_METHOD_MATCH = YES;
				"CODE_SIGN_IDENTITY[sdk=iphoneos*]" = "iPhone Developer";
				COPY_PHASE_STRIP = NO;
				GCC_C_LANGUAGE_STANDARD = gnu99;
				GCC_DYNAMIC_NO_PIC = NO;
				GCC_OPTIMIZATION_LEVEL = 0;
				GCC_PREPROCESSOR_DEFINITIONS = (
					"DEBUG=1",
					"$(inherited)",
				);
				GCC_SYMBOLS_PRIVATE_EXTERN = NO;
				GCC_WARN_ABOUT_RETURN_TYPE = YES_ERROR;
				GCC_WARN_UNDECLARED_SELECTOR = YES;
				GCC_WARN_UNINITIALIZED_AUTOS = YES;
				GCC_WARN_UNUSED_FUNCTION = YES;
				GCC_WARN_UNUSED_VARIABLE = YES;
				IPHONEOS_DEPLOYMENT_TARGET = 6.0;
				ONLY_ACTIVE_ARCH = YES;
				SDKROOT = iphoneos;
				TARGETED_DEVICE_FAMILY = "1,2";
			};
			name = Debug;
		};
		5987949517D66F1200101BE8 /* Release */ = {
			isa = XCBuildConfiguration;
			buildSettings = {
				ALWAYS_SEARCH_USER_PATHS = NO;
				CLANG_CXX_LANGUAGE_STANDARD = "gnu++0x";
				CLANG_CXX_LIBRARY = "libc++";
				CLANG_ENABLE_MODULES = YES;
				CLANG_ENABLE_OBJC_ARC = YES;
				CLANG_WARN_BOOL_CONVERSION = YES;
				CLANG_WARN_CONSTANT_CONVERSION = YES;
				CLANG_WARN_DIRECT_OBJC_ISA_USAGE = YES_ERROR;
				CLANG_WARN_EMPTY_BODY = YES;
				CLANG_WARN_ENUM_CONVERSION = YES;
				CLANG_WARN_INT_CONVERSION = YES;
				CLANG_WARN_OBJC_ROOT_CLASS = YES_ERROR;
				CLANG_WARN__DUPLICATE_METHOD_MATCH = YES;
				"CODE_SIGN_IDENTITY[sdk=iphoneos*]" = "iPhone Developer";
				COPY_PHASE_STRIP = YES;
				ENABLE_NS_ASSERTIONS = NO;
				GCC_C_LANGUAGE_STANDARD = gnu99;
				GCC_WARN_ABOUT_RETURN_TYPE = YES_ERROR;
				GCC_WARN_UNDECLARED_SELECTOR = YES;
				GCC_WARN_UNINITIALIZED_AUTOS = YES;
				GCC_WARN_UNUSED_FUNCTION = YES;
				GCC_WARN_UNUSED_VARIABLE = YES;
				IPHONEOS_DEPLOYMENT_TARGET = 6.0;
				SDKROOT = iphoneos;
				TARGETED_DEVICE_FAMILY = "1,2";
				VALIDATE_PRODUCT = YES;
			};
			name = Release;
		};
		5987949717D66F1200101BE8 /* Debug */ = {
			isa = XCBuildConfiguration;
			buildSettings = {
				ASSETCATALOG_COMPILER_APPICON_NAME = AppIcon;
				ASSETCATALOG_COMPILER_LAUNCHIMAGE_NAME = LaunchImage;
				CODE_SIGN_IDENTITY = "iPhone Developer: Austin Marusco (HYV58B5XQE)";
				FRAMEWORK_SEARCH_PATHS = (
					"$(inherited)",
					"/Users/newadminuser/Documents/TopVideos/TopVideos/vevo-ios-sdk/3rdParty/AdManager/5.6.0",
					"/Users/newadminuser/Documents/TopVideos/TopVideos/vevo-ios-sdk/3rdParty/BlocksKit/Framework",
					"/Users/newadminuser/Documents/TopVideos/TopVideos/vevo-ios-sdk/3rdParty",
					"\"$(SRCROOT)\"",
				);
				GCC_PRECOMPILE_PREFIX_HEADER = YES;
				GCC_PREFIX_HEADER = "TopVideos/TopVideos-Prefix.pch";
				INFOPLIST_FILE = "TopVideos/TopVideos-Info.plist";
				IPHONEOS_DEPLOYMENT_TARGET = 6.0;
				LIBRARY_SEARCH_PATHS = "$(inherited)";
				OTHER_LDFLAGS = "-ObjC";
				PRODUCT_NAME = "$(TARGET_NAME)";
				WRAPPER_EXTENSION = app;
			};
			name = Debug;
		};
		5987949817D66F1200101BE8 /* Release */ = {
			isa = XCBuildConfiguration;
			buildSettings = {
				ASSETCATALOG_COMPILER_APPICON_NAME = AppIcon;
				ASSETCATALOG_COMPILER_LAUNCHIMAGE_NAME = LaunchImage;
				CODE_SIGN_IDENTITY = "iPhone Developer: Austin Marusco (HYV58B5XQE)";
				FRAMEWORK_SEARCH_PATHS = (
					"$(inherited)",
					"/Users/newadminuser/Documents/TopVideos/TopVideos/vevo-ios-sdk/3rdParty/AdManager/5.6.0",
					"/Users/newadminuser/Documents/TopVideos/TopVideos/vevo-ios-sdk/3rdParty/BlocksKit/Framework",
					"/Users/newadminuser/Documents/TopVideos/TopVideos/vevo-ios-sdk/3rdParty",
					"\"$(SRCROOT)\"",
				);
				GCC_PRECOMPILE_PREFIX_HEADER = YES;
				GCC_PREFIX_HEADER = "TopVideos/TopVideos-Prefix.pch";
				INFOPLIST_FILE = "TopVideos/TopVideos-Info.plist";
				IPHONEOS_DEPLOYMENT_TARGET = 6.0;
				LIBRARY_SEARCH_PATHS = "$(inherited)";
				OTHER_LDFLAGS = "-ObjC";
				PRODUCT_NAME = "$(TARGET_NAME)";
				WRAPPER_EXTENSION = app;
			};
			name = Release;
		};
		5987949A17D66F1200101BE8 /* Debug */ = {
			isa = XCBuildConfiguration;
			buildSettings = {
				BUNDLE_LOADER = "$(BUILT_PRODUCTS_DIR)/TopVideos.app/TopVideos";
				FRAMEWORK_SEARCH_PATHS = (
					"$(SDKROOT)/Developer/Library/Frameworks",
					"$(inherited)",
					"$(DEVELOPER_FRAMEWORKS_DIR)",
				);
				GCC_PRECOMPILE_PREFIX_HEADER = YES;
				GCC_PREFIX_HEADER = "TopVideos/TopVideos-Prefix.pch";
				GCC_PREPROCESSOR_DEFINITIONS = (
					"DEBUG=1",
					"$(inherited)",
				);
				INFOPLIST_FILE = "TopVideosTests/TopVideosTests-Info.plist";
				PRODUCT_NAME = "$(TARGET_NAME)";
				TEST_HOST = "$(BUNDLE_LOADER)";
				WRAPPER_EXTENSION = xctest;
			};
			name = Debug;
		};
		5987949B17D66F1200101BE8 /* Release */ = {
			isa = XCBuildConfiguration;
			buildSettings = {
				BUNDLE_LOADER = "$(BUILT_PRODUCTS_DIR)/TopVideos.app/TopVideos";
				FRAMEWORK_SEARCH_PATHS = (
					"$(SDKROOT)/Developer/Library/Frameworks",
					"$(inherited)",
					"$(DEVELOPER_FRAMEWORKS_DIR)",
				);
				GCC_PRECOMPILE_PREFIX_HEADER = YES;
				GCC_PREFIX_HEADER = "TopVideos/TopVideos-Prefix.pch";
				INFOPLIST_FILE = "TopVideosTests/TopVideosTests-Info.plist";
				PRODUCT_NAME = "$(TARGET_NAME)";
				TEST_HOST = "$(BUNDLE_LOADER)";
				WRAPPER_EXTENSION = xctest;
			};
			name = Release;
		};
/* End XCBuildConfiguration section */

/* Begin XCConfigurationList section */
		5987945C17D66F1200101BE8 /* Build configuration list for PBXProject "TopVideos" */ = {
			isa = XCConfigurationList;
			buildConfigurations = (
				5987949417D66F1200101BE8 /* Debug */,
				5987949517D66F1200101BE8 /* Release */,
			);
			defaultConfigurationIsVisible = 0;
			defaultConfigurationName = Release;
		};
		5987949617D66F1200101BE8 /* Build configuration list for PBXNativeTarget "TopVideos" */ = {
			isa = XCConfigurationList;
			buildConfigurations = (
				5987949717D66F1200101BE8 /* Debug */,
				5987949817D66F1200101BE8 /* Release */,
			);
			defaultConfigurationIsVisible = 0;
			defaultConfigurationName = Release;
		};
		5987949917D66F1200101BE8 /* Build configuration list for PBXNativeTarget "TopVideosTests" */ = {
			isa = XCConfigurationList;
			buildConfigurations = (
				5987949A17D66F1200101BE8 /* Debug */,
				5987949B17D66F1200101BE8 /* Release */,
			);
			defaultConfigurationIsVisible = 0;
			defaultConfigurationName = Release;
		};
/* End XCConfigurationList section */
	};
	rootObject = 5987945917D66F1200101BE8 /* Project object */;
}
